
Microsoft Visual Studio Solution File, Format Version 12.00
# Visual Studio Version 16
VisualStudioVersion = 16.0.31624.102
MinimumVisualStudioVersion = 10.0.40219.1
Project("{FAE04EC0-301F-11D3-BF4B-00C04F79EFBC}") = "PhoneStoreApp.Android", "PhoneStoreApp\PhoneStoreApp.Android\PhoneStoreApp.Android.csproj", "{55C05CFD-4D04-49CD-9D04-6067E1E20983}"
EndProject
Project("{FAE04EC0-301F-11D3-BF4B-00C04F79EFBC}") = "PhoneStoreApp.iOS", "PhoneStoreApp\PhoneStoreApp.iOS\PhoneStoreApp.iOS.csproj", "{4BF42920-EC88-4DF3-922B-24FE39524719}"
EndProject
Project("{FAE04EC0-301F-11D3-BF4B-00C04F79EFBC}") = "PhoneStoreApp", "PhoneStoreApp\PhoneStoreApp\PhoneStoreApp.csproj", "{9176B7F1-76EC-462D-BB34-6210829E7B1C}"
EndProject
Global
	GlobalSection(SolutionConfigurationPlatforms) = preSolution
		Debug|Any CPU = Debug|Any CPU
		Debug|iPhone = Debug|iPhone
		Debug|iPhoneSimulator = Debug|iPhoneSimulator
		Release|Any CPU = Release|Any CPU
		Release|iPhone = Release|iPhone
		Release|iPhoneSimulator = Release|iPhoneSimulator
	EndGlobalSection
	GlobalSection(ProjectConfigurationPlatforms) = postSolution
		{55C05CFD-4D04-49CD-9D04-6067E1E20983}.Debug|Any CPU.ActiveCfg = Debug|Any CPU
		{55C05CFD-4D04-49CD-9D04-6067E1E20983}.Debug|Any CPU.Build.0 = Debug|Any CPU
		{55C05CFD-4D04-49CD-9D04-6067E1E20983}.Debug|Any CPU.Deploy.0 = Debug|Any CPU
		{55C05CFD-4D04-49CD-9D04-6067E1E20983}.Debug|iPhone.ActiveCfg = Debug|Any CPU
		{55C05CFD-4D04-49CD-9D04-6067E1E20983}.Debug|iPhone.Build.0 = Debug|Any CPU
		{55C05CFD-4D04-49CD-9D04-6067E1E20983}.Debug|iPhone.Deploy.0 = Debug|Any CPU
		{55C05CFD-4D04-49CD-9D04-6067E1E20983}.Debug|iPhoneSimulator.ActiveCfg = Debug|Any CPU
		{55C05CFD-4D04-49CD-9D04-6067E1E20983}.Debug|iPhoneSimulator.Build.0 = Debug|Any CPU
		{55C05CFD-4D04-49CD-9D04-6067E1E20983}.Debug|iPhoneSimulator.Deploy.0 = Debug|Any CPU
		{55C05CFD-4D04-49CD-9D04-6067E1E20983}.Release|Any CPU.ActiveCfg = Release|Any CPU
		{55C05CFD-4D04-49CD-9D04-6067E1E20983}.Release|Any CPU.Build.0 = Release|Any CPU
		{55C05CFD-4D04-49CD-9D04-6067E1E20983}.Release|Any CPU.Deploy.0 = Release|Any CPU
		{55C05CFD-4D04-49CD-9D04-6067E1E20983}.Release|iPhone.ActiveCfg = Release|Any CPU
		{55C05CFD-4D04-49CD-9D04-6067E1E20983}.Release|iPhone.Build.0 = Release|Any CPU
		{55C05CFD-4D04-49CD-9D04-6067E1E20983}.Release|iPhone.Deploy.0 = Release|Any CPU
		{55C05CFD-4D04-49CD-9D04-6067E1E20983}.Release|iPhoneSimulator.ActiveCfg = Release|Any CPU
		{55C05CFD-4D04-49CD-9D04-6067E1E20983}.Release|iPhoneSimulator.Build.0 = Release|Any CPU
		{55C05CFD-4D04-49CD-9D04-6067E1E20983}.Release|iPhoneSimulator.Deploy.0 = Release|Any CPU
		{4BF42920-EC88-4DF3-922B-24FE39524719}.Debug|Any CPU.ActiveCfg = Debug|iPhone
		{4BF42920-EC88-4DF3-922B-24FE39524719}.Debug|Any CPU.Build.0 = Debug|iPhone
		{4BF42920-EC88-4DF3-922B-24FE39524719}.Debug|Any CPU.Deploy.0 = Debug|iPhone
		{4BF42920-EC88-4DF3-922B-24FE39524719}.Debug|iPhone.ActiveCfg = Debug|iPhone
		{4BF42920-EC88-4DF3-922B-24FE39524719}.Debug|iPhone.Build.0 = Debug|iPhone
		{4BF42920-EC88-4DF3-922B-24FE39524719}.Debug|iPhone.Deploy.0 = Debug|iPhone
		{4BF42920-EC88-4DF3-922B-24FE39524719}.Debug|iPhoneSimulator.ActiveCfg = Debug|iPhoneSimulator
		{4BF42920-EC88-4DF3-922B-24FE39524719}.Debug|iPhoneSimulator.Build.0 = Debug|iPhoneSimulator
		{4BF42920-EC88-4DF3-922B-24FE39524719}.Debug|iPhoneSimulator.Deploy.0 = Debug|iPhoneSimulator
		{4BF42920-EC88-4DF3-922B-24FE39524719}.Release|Any CPU.ActiveCfg = Release|iPhoneSimulator
		{4BF42920-EC88-4DF3-922B-24FE39524719}.Release|Any CPU.Build.0 = Release|iPhoneSimulator
		{4BF42920-EC88-4DF3-922B-24FE39524719}.Release|Any CPU.Deploy.0 = Release|iPhoneSimulator
		{4BF42920-EC88-4DF3-922B-24FE39524719}.Release|iPhone.ActiveCfg = Release|iPhone
		{4BF42920-EC88-4DF3-922B-24FE39524719}.Release|iPhone.Build.0 = Release|iPhone
		{4BF42920-EC88-4DF3-922B-24FE39524719}.Release|iPhone.Deploy.0 = Release|iPhone
		{4BF42920-EC88-4DF3-922B-24FE39524719}.Release|iPhoneSimulator.ActiveCfg = Release|iPhoneSimulator
		{4BF42920-EC88-4DF3-922B-24FE39524719}.Release|iPhoneSimulator.Build.0 = Release|iPhoneSimulator
		{4BF42920-EC88-4DF3-922B-24FE39524719}.Release|iPhoneSimulator.Deploy.0 = Release|iPhoneSimulator
		{9176B7F1-76EC-462D-BB34-6210829E7B1C}.Debug|Any CPU.ActiveCfg = Debug|Any CPU
		{9176B7F1-76EC-462D-BB34-6210829E7B1C}.Debug|Any CPU.Build.0 = Debug|Any CPU
		{9176B7F1-76EC-462D-BB34-6210829E7B1C}.Debug|Any CPU.Deploy.0 = Debug|Any CPU
		{9176B7F1-76EC-462D-BB34-6210829E7B1C}.Debug|iPhone.ActiveCfg = Debug|Any CPU
		{9176B7F1-76EC-462D-BB34-6210829E7B1C}.Debug|iPhone.Build.0 = Debug|Any CPU
		{9176B7F1-76EC-462D-BB34-6210829E7B1C}.Debug|iPhone.Deploy.0 = Debug|Any CPU
		{9176B7F1-76EC-462D-BB34-6210829E7B1C}.Debug|iPhoneSimulator.ActiveCfg = Debug|Any CPU
		{9176B7F1-76EC-462D-BB34-6210829E7B1C}.Debug|iPhoneSimulator.Build.0 = Debug|Any CPU
		{9176B7F1-76EC-462D-BB34-6210829E7B1C}.Debug|iPhoneSimulator.Deploy.0 = Debug|Any CPU
		{9176B7F1-76EC-462D-BB34-6210829E7B1C}.Release|Any CPU.ActiveCfg = Release|Any CPU
		{9176B7F1-76EC-462D-BB34-6210829E7B1C}.Release|Any CPU.Build.0 = Release|Any CPU
		{9176B7F1-76EC-462D-BB34-6210829E7B1C}.Release|Any CPU.Deploy.0 = Release|Any CPU
		{9176B7F1-76EC-462D-BB34-6210829E7B1C}.Release|iPhone.ActiveCfg = Release|Any CPU
		{9176B7F1-76EC-462D-BB34-6210829E7B1C}.Release|iPhone.Build.0 = Release|Any CPU
		{9176B7F1-76EC-462D-BB34-6210829E7B1C}.Release|iPhone.Deploy.0 = Release|Any CPU
		{9176B7F1-76EC-462D-BB34-6210829E7B1C}.Release|iPhoneSimulator.ActiveCfg = Release|Any CPU
		{9176B7F1-76EC-462D-BB34-6210829E7B1C}.Release|iPhoneSimulator.Build.0 = Release|Any CPU
		{9176B7F1-76EC-462D-BB34-6210829E7B1C}.Release|iPhoneSimulator.Deploy.0 = Release|Any CPU
	EndGlobalSection
	GlobalSection(SolutionProperties) = preSolution
		HideSolutionNode = FALSE
	EndGlobalSection
	GlobalSection(ExtensibilityGlobals) = postSolution
		SolutionGuid = {98D02CC2-F310-4D84-BFFB-C506E7EBAF5A}
	EndGlobalSection
EndGlobal
