
Microsoft Visual Studio Solution File, Format Version 12.00
# Visual Studio Version 16
VisualStudioVersion = 16.0.31624.102
MinimumVisualStudioVersion = 10.0.40219.1
Project("{FAE04EC0-301F-11D3-BF4B-00C04F79EFBC}") = "PhoneStoreAppAPI", "PhoneStoreAppAPI\PhoneStoreAppAPI.csproj", "{FA9E504D-F639-4CBB-A717-BA064F5A1D4D}"
EndProject
Global
	GlobalSection(SolutionConfigurationPlatforms) = preSolution
		Debug|Any CPU = Debug|Any CPU
		Release|Any CPU = Release|Any CPU
	EndGlobalSection
	GlobalSection(ProjectConfigurationPlatforms) = postSolution
		{FA9E504D-F639-4CBB-A717-BA064F5A1D4D}.Debug|Any CPU.ActiveCfg = Debug|Any CPU
		{FA9E504D-F639-4CBB-A717-BA064F5A1D4D}.Debug|Any CPU.Build.0 = Debug|Any CPU
		{FA9E504D-F639-4CBB-A717-BA064F5A1D4D}.Release|Any CPU.ActiveCfg = Release|Any CPU
		{FA9E504D-F639-4CBB-A717-BA064F5A1D4D}.Release|Any CPU.Build.0 = Release|Any CPU
	EndGlobalSection
	GlobalSection(SolutionProperties) = preSolution
		HideSolutionNode = FALSE
	EndGlobalSection
	GlobalSection(ExtensibilityGlobals) = postSolution
		SolutionGuid = {E58D99E5-CDE6-495A-8187-FDD34658BAA0}
	EndGlobalSection
EndGlobal
